
Microsoft Visual Studio Solution File, Format Version 12.00
# Visual Studio Version 17
VisualStudioVersion = 17.10.35027.167
MinimumVisualStudioVersion = 10.0.40219.1
Project("{9A19103F-16F7-4668-BE54-9A1E7A4F7556}") = "LibroAPI", "LibroAPI\LibroAPI.csproj", "{0572A495-8F51-4CCE-B525-86A96E34A703}"
EndProject
Project("{FAE04EC0-301F-11D3-BF4B-00C04F79EFBC}") = "LibrosAPI.Tests", "LibrosAPI.Tests\LibrosAPI.Tests.csproj", "{2B311429-F732-4D80-B7BA-65FF5882AC47}"
EndProject
Global
	GlobalSection(SolutionConfigurationPlatforms) = preSolution
		Debug|Any CPU = Debug|Any CPU
		Release|Any CPU = Release|Any CPU
	EndGlobalSection
	GlobalSection(ProjectConfigurationPlatforms) = postSolution
		{0572A495-8F51-4CCE-B525-86A96E34A703}.Debug|Any CPU.ActiveCfg = Debug|Any CPU
		{0572A495-8F51-4CCE-B525-86A96E34A703}.Debug|Any CPU.Build.0 = Debug|Any CPU
		{0572A495-8F51-4CCE-B525-86A96E34A703}.Release|Any CPU.ActiveCfg = Release|Any CPU
		{0572A495-8F51-4CCE-B525-86A96E34A703}.Release|Any CPU.Build.0 = Release|Any CPU
		{2B311429-F732-4D80-B7BA-65FF5882AC47}.Debug|Any CPU.ActiveCfg = Debug|Any CPU
		{2B311429-F732-4D80-B7BA-65FF5882AC47}.Debug|Any CPU.Build.0 = Debug|Any CPU
		{2B311429-F732-4D80-B7BA-65FF5882AC47}.Release|Any CPU.ActiveCfg = Release|Any CPU
		{2B311429-F732-4D80-B7BA-65FF5882AC47}.Release|Any CPU.Build.0 = Release|Any CPU
	EndGlobalSection
	GlobalSection(SolutionProperties) = preSolution
		HideSolutionNode = FALSE
	EndGlobalSection
	GlobalSection(ExtensibilityGlobals) = postSolution
		SolutionGuid = {8B4B04FA-278A-46D4-8C2A-07C15903545D}
	EndGlobalSection
EndGlobal
